
Microsoft Visual Studio Solution File, Format Version 12.00
# Visual Studio Version 17
VisualStudioVersion = 17.14.36915.13 d17.14
MinimumVisualStudioVersion = 10.0.40219.1
Project("{FAE04EC0-301F-11D3-BF4B-00C04F79EFBC}") = "P2_U2_CSHARPINTERMEDIO_IDLRH", "P2_U2_CSHARPINTERMEDIO_IDLRH.csproj", "{375DE04B-1096-4817-83FA-7C19354536B8}"
EndProject
Global
	GlobalSection(SolutionConfigurationPlatforms) = preSolution
		Debug|Any CPU = Debug|Any CPU
		Release|Any CPU = Release|Any CPU
	EndGlobalSection
	GlobalSection(ProjectConfigurationPlatforms) = postSolution
		{375DE04B-1096-4817-83FA-7C19354536B8}.Debug|Any CPU.ActiveCfg = Debug|Any CPU
		{375DE04B-1096-4817-83FA-7C19354536B8}.Debug|Any CPU.Build.0 = Debug|Any CPU
		{375DE04B-1096-4817-83FA-7C19354536B8}.Release|Any CPU.ActiveCfg = Release|Any CPU
		{375DE04B-1096-4817-83FA-7C19354536B8}.Release|Any CPU.Build.0 = Release|Any CPU
	EndGlobalSection
	GlobalSection(SolutionProperties) = preSolution
		HideSolutionNode = FALSE
	EndGlobalSection
	GlobalSection(ExtensibilityGlobals) = postSolution
		SolutionGuid = {8FAB4BF5-615C-405B-BE9C-A43F249D14F3}
	EndGlobalSection
EndGlobal
